// !$*UTF8*$!
{
	archiveVersion = 1;
	classes = {
	};
	objectVersion = 46;
	objects = {

/* Begin PBXBuildFile section */
		2BAF8C6007DF7D9A5C67E4E1 /* Pods_Parsetagram.framework in Frameworks */ = {isa = PBXBuildFile; fileRef = F1E29544073C5EB4A168258C /* Pods_Parsetagram.framework */; };
		6C0BCFFE1D19FC910029D069 /* HomeViewController.swift in Sources */ = {isa = PBXBuildFile; fileRef = 6C0BCFFD1D19FC910029D069 /* HomeViewController.swift */; };
		6C0BD0021D19FF580029D069 /* ProfileViewController.swift in Sources */ = {isa = PBXBuildFile; fileRef = 6C0BD0011D19FF580029D069 /* ProfileViewController.swift */; };
		6C8F3CF91D1896EE00BCF6DC /* LoginViewController.swift in Sources */ = {isa = PBXBuildFile; fileRef = 6C8F3CF81D1896EE00BCF6DC /* LoginViewController.swift */; };
		6CA8ABFD1D188E3800C62EE9 /* AppDelegate.swift in Sources */ = {isa = PBXBuildFile; fileRef = 6CA8ABFC1D188E3800C62EE9 /* AppDelegate.swift */; };
		6CA8AC021D188E3800C62EE9 /* Main.storyboard in Resources */ = {isa = PBXBuildFile; fileRef = 6CA8AC001D188E3800C62EE9 /* Main.storyboard */; };
		6CA8AC041D188E3800C62EE9 /* Assets.xcassets in Resources */ = {isa = PBXBuildFile; fileRef = 6CA8AC031D188E3800C62EE9 /* Assets.xcassets */; };
		6CA8AC071D188E3800C62EE9 /* LaunchScreen.storyboard in Resources */ = {isa = PBXBuildFile; fileRef = 6CA8AC051D188E3800C62EE9 /* LaunchScreen.storyboard */; };
		6CA8AC121D188E3900C62EE9 /* ParsetagramTests.swift in Sources */ = {isa = PBXBuildFile; fileRef = 6CA8AC111D188E3900C62EE9 /* ParsetagramTests.swift */; };
		6CA8AC1D1D188E3900C62EE9 /* ParsetagramUITests.swift in Sources */ = {isa = PBXBuildFile; fileRef = 6CA8AC1C1D188E3900C62EE9 /* ParsetagramUITests.swift */; };
		6CE2FB4E1D1DC9DB00937167 /* ProfileDetailViewController.swift in Sources */ = {isa = PBXBuildFile; fileRef = 6CE2FB4D1D1DC9DB00937167 /* ProfileDetailViewController.swift */; };
		6CFFDC001D1B80F40032DF20 /* InstagramCell.swift in Sources */ = {isa = PBXBuildFile; fileRef = 6CFFDBFF1D1B80F40032DF20 /* InstagramCell.swift */; };
		6CFFDC0A1D1B9E690032DF20 /* CaptureViewController.swift in Sources */ = {isa = PBXBuildFile; fileRef = 6CFFDC091D1B9E690032DF20 /* CaptureViewController.swift */; };
		6CFFDC101D1C885A0032DF20 /* ProfileCell.swift in Sources */ = {isa = PBXBuildFile; fileRef = 6CFFDC0F1D1C885A0032DF20 /* ProfileCell.swift */; };
		6CFFDC121D1C99070032DF20 /* DetailViewController.swift in Sources */ = {isa = PBXBuildFile; fileRef = 6CFFDC111D1C99070032DF20 /* DetailViewController.swift */; };
		7ACA21A8DCFDDDAEBC295CA1 /* Pods_ParsetagramTests.framework in Frameworks */ = {isa = PBXBuildFile; fileRef = CEDC90C784BBE11CAA17AE15 /* Pods_ParsetagramTests.framework */; };
		892073ABD6D2F947AD1377E8 /* Pods_ParsetagramUITests.framework in Frameworks */ = {isa = PBXBuildFile; fileRef = E37656D42C7662950E5DE8DA /* Pods_ParsetagramUITests.framework */; };
/* End PBXBuildFile section */

/* Begin PBXContainerItemProxy section */
		6CA8AC0E1D188E3900C62EE9 /* PBXContainerItemProxy */ = {
			isa = PBXContainerItemProxy;
			containerPortal = 6CA8ABF11D188E3800C62EE9 /* Project object */;
			proxyType = 1;
			remoteGlobalIDString = 6CA8ABF81D188E3800C62EE9;
			remoteInfo = Parsetagram;
		};
		6CA8AC191D188E3900C62EE9 /* PBXContainerItemProxy */ = {
			isa = PBXContainerItemProxy;
			containerPortal = 6CA8ABF11D188E3800C62EE9 /* Project object */;
			proxyType = 1;
			remoteGlobalIDString = 6CA8ABF81D188E3800C62EE9;
			remoteInfo = Parsetagram;
		};
/* End PBXContainerItemProxy section */

/* Begin PBXFileReference section */
		545C6F282468FA7FC6572FC8 /* Pods-ParsetagramUITests.release.xcconfig */ = {isa = PBXFileReference; includeInIndex = 1; lastKnownFileType = text.xcconfig; name = "Pods-ParsetagramUITests.release.xcconfig"; path = "Pods/Target Support Files/Pods-ParsetagramUITests/Pods-ParsetagramUITests.release.xcconfig"; sourceTree = "<group>"; };
		5476A05D5EBC6A1FB8D18468 /* Pods-ParsetagramTests.release.xcconfig */ = {isa = PBXFileReference; includeInIndex = 1; lastKnownFileType = text.xcconfig; name = "Pods-ParsetagramTests.release.xcconfig"; path = "Pods/Target Support Files/Pods-ParsetagramTests/Pods-ParsetagramTests.release.xcconfig"; sourceTree = "<group>"; };
		600CBA153315C3FA170B69F7 /* Pods-ParsetagramTests.debug.xcconfig */ = {isa = PBXFileReference; includeInIndex = 1; lastKnownFileType = text.xcconfig; name = "Pods-ParsetagramTests.debug.xcconfig"; path = "Pods/Target Support Files/Pods-ParsetagramTests/Pods-ParsetagramTests.debug.xcconfig"; sourceTree = "<group>"; };
		6C0BCFFD1D19FC910029D069 /* HomeViewController.swift */ = {isa = PBXFileReference; fileEncoding = 4; lastKnownFileType = sourcecode.swift; name = HomeViewController.swift; path = ../HomeViewController.swift; sourceTree = "<group>"; };
		6C0BD0011D19FF580029D069 /* ProfileViewController.swift */ = {isa = PBXFileReference; fileEncoding = 4; lastKnownFileType = sourcecode.swift; name = ProfileViewController.swift; path = ../ProfileViewController.swift; sourceTree = "<group>"; };
		6C8F3CF81D1896EE00BCF6DC /* LoginViewController.swift */ = {isa = PBXFileReference; fileEncoding = 4; lastKnownFileType = sourcecode.swift; path = LoginViewController.swift; sourceTree = "<group>"; };
		6CA8ABF91D188E3800C62EE9 /* Parsetagram.app */ = {isa = PBXFileReference; explicitFileType = wrapper.application; includeInIndex = 0; path = Parsetagram.app; sourceTree = BUILT_PRODUCTS_DIR; };
		6CA8ABFC1D188E3800C62EE9 /* AppDelegate.swift */ = {isa = PBXFileReference; lastKnownFileType = sourcecode.swift; path = AppDelegate.swift; sourceTree = "<group>"; };
		6CA8AC011D188E3800C62EE9 /* Base */ = {isa = PBXFileReference; lastKnownFileType = file.storyboard; name = Base; path = Base.lproj/Main.storyboard; sourceTree = "<group>"; };
		6CA8AC031D188E3800C62EE9 /* Assets.xcassets */ = {isa = PBXFileReference; lastKnownFileType = folder.assetcatalog; path = Assets.xcassets; sourceTree = "<group>"; };
		6CA8AC061D188E3800C62EE9 /* Base */ = {isa = PBXFileReference; lastKnownFileType = file.storyboard; name = Base; path = Base.lproj/LaunchScreen.storyboard; sourceTree = "<group>"; };
		6CA8AC081D188E3800C62EE9 /* Info.plist */ = {isa = PBXFileReference; lastKnownFileType = text.plist.xml; path = Info.plist; sourceTree = "<group>"; };
		6CA8AC0D1D188E3900C62EE9 /* ParsetagramTests.xctest */ = {isa = PBXFileReference; explicitFileType = wrapper.cfbundle; includeInIndex = 0; path = ParsetagramTests.xctest; sourceTree = BUILT_PRODUCTS_DIR; };
		6CA8AC111D188E3900C62EE9 /* ParsetagramTests.swift */ = {isa = PBXFileReference; lastKnownFileType = sourcecode.swift; path = ParsetagramTests.swift; sourceTree = "<group>"; };
		6CA8AC131D188E3900C62EE9 /* Info.plist */ = {isa = PBXFileReference; lastKnownFileType = text.plist.xml; path = Info.plist; sourceTree = "<group>"; };
		6CA8AC181D188E3900C62EE9 /* ParsetagramUITests.xctest */ = {isa = PBXFileReference; explicitFileType = wrapper.cfbundle; includeInIndex = 0; path = ParsetagramUITests.xctest; sourceTree = BUILT_PRODUCTS_DIR; };
		6CA8AC1C1D188E3900C62EE9 /* ParsetagramUITests.swift */ = {isa = PBXFileReference; lastKnownFileType = sourcecode.swift; path = ParsetagramUITests.swift; sourceTree = "<group>"; };
		6CA8AC1E1D188E3900C62EE9 /* Info.plist */ = {isa = PBXFileReference; lastKnownFileType = text.plist.xml; path = Info.plist; sourceTree = "<group>"; };
		6CE2FB4D1D1DC9DB00937167 /* ProfileDetailViewController.swift */ = {isa = PBXFileReference; fileEncoding = 4; lastKnownFileType = sourcecode.swift; path = ProfileDetailViewController.swift; sourceTree = "<group>"; };
		6CFFDBFF1D1B80F40032DF20 /* InstagramCell.swift */ = {isa = PBXFileReference; fileEncoding = 4; lastKnownFileType = sourcecode.swift; name = InstagramCell.swift; path = Parsetagram/InstagramCell.swift; sourceTree = "<group>"; };
		6CFFDC091D1B9E690032DF20 /* CaptureViewController.swift */ = {isa = PBXFileReference; fileEncoding = 4; lastKnownFileType = sourcecode.swift; name = CaptureViewController.swift; path = ../CaptureViewController.swift; sourceTree = "<group>"; };
		6CFFDC0F1D1C885A0032DF20 /* ProfileCell.swift */ = {isa = PBXFileReference; fileEncoding = 4; lastKnownFileType = sourcecode.swift; path = ProfileCell.swift; sourceTree = "<group>"; };
		6CFFDC111D1C99070032DF20 /* DetailViewController.swift */ = {isa = PBXFileReference; fileEncoding = 4; lastKnownFileType = sourcecode.swift; path = DetailViewController.swift; sourceTree = "<group>"; };
		835B973E937056FB1ED536AB /* Pods-Parsetagram.release.xcconfig */ = {isa = PBXFileReference; includeInIndex = 1; lastKnownFileType = text.xcconfig; name = "Pods-Parsetagram.release.xcconfig"; path = "Pods/Target Support Files/Pods-Parsetagram/Pods-Parsetagram.release.xcconfig"; sourceTree = "<group>"; };
		CEDC90C784BBE11CAA17AE15 /* Pods_ParsetagramTests.framework */ = {isa = PBXFileReference; explicitFileType = wrapper.framework; includeInIndex = 0; path = Pods_ParsetagramTests.framework; sourceTree = BUILT_PRODUCTS_DIR; };
		DFA4FC751BB92CFD8C185B6F /* Pods-ParsetagramUITests.debug.xcconfig */ = {isa = PBXFileReference; includeInIndex = 1; lastKnownFileType = text.xcconfig; name = "Pods-ParsetagramUITests.debug.xcconfig"; path = "Pods/Target Support Files/Pods-ParsetagramUITests/Pods-ParsetagramUITests.debug.xcconfig"; sourceTree = "<group>"; };
		E37656D42C7662950E5DE8DA /* Pods_ParsetagramUITests.framework */ = {isa = PBXFileReference; explicitFileType = wrapper.framework; includeInIndex = 0; path = Pods_ParsetagramUITests.framework; sourceTree = BUILT_PRODUCTS_DIR; };
		E995C05983AC6571941AE37A /* Pods-Parsetagram.debug.xcconfig */ = {isa = PBXFileReference; includeInIndex = 1; lastKnownFileType = text.xcconfig; name = "Pods-Parsetagram.debug.xcconfig"; path = "Pods/Target Support Files/Pods-Parsetagram/Pods-Parsetagram.debug.xcconfig"; sourceTree = "<group>"; };
		F1E29544073C5EB4A168258C /* Pods_Parsetagram.framework */ = {isa = PBXFileReference; explicitFileType = wrapper.framework; includeInIndex = 0; path = Pods_Parsetagram.framework; sourceTree = BUILT_PRODUCTS_DIR; };
/* End PBXFileReference section */

/* Begin PBXFrameworksBuildPhase section */
		6CA8ABF61D188E3800C62EE9 /* Frameworks */ = {
			isa = PBXFrameworksBuildPhase;
			buildActionMask = 2147483647;
			files = (
				2BAF8C6007DF7D9A5C67E4E1 /* Pods_Parsetagram.framework in Frameworks */,
			);
			runOnlyForDeploymentPostprocessing = 0;
		};
		6CA8AC0A1D188E3900C62EE9 /* Frameworks */ = {
			isa = PBXFrameworksBuildPhase;
			buildActionMask = 2147483647;
			files = (
				7ACA21A8DCFDDDAEBC295CA1 /* Pods_ParsetagramTests.framework in Frameworks */,
			);
			runOnlyForDeploymentPostprocessing = 0;
		};
		6CA8AC151D188E3900C62EE9 /* Frameworks */ = {
			isa = PBXFrameworksBuildPhase;
			buildActionMask = 2147483647;
			files = (
				892073ABD6D2F947AD1377E8 /* Pods_ParsetagramUITests.framework in Frameworks */,
			);
			runOnlyForDeploymentPostprocessing = 0;
		};
/* End PBXFrameworksBuildPhase section */

/* Begin PBXGroup section */
		6CA8ABF01D188E3800C62EE9 = {
			isa = PBXGroup;
			children = (
				6CE2FB4D1D1DC9DB00937167 /* ProfileDetailViewController.swift */,
				6CFFDC111D1C99070032DF20 /* DetailViewController.swift */,
				6CFFDC0F1D1C885A0032DF20 /* ProfileCell.swift */,
				6CFFDBFF1D1B80F40032DF20 /* InstagramCell.swift */,
				6CA8ABFB1D188E3800C62EE9 /* Parsetagram */,
				6CA8AC101D188E3900C62EE9 /* ParsetagramTests */,
				6CA8AC1B1D188E3900C62EE9 /* ParsetagramUITests */,
				6CA8ABFA1D188E3800C62EE9 /* Products */,
				8C7639622BE58D97C7B0B4EF /* Pods */,
				D4330169D360BCDD49F07B0A /* Frameworks */,
			);
			sourceTree = "<group>";
		};
		6CA8ABFA1D188E3800C62EE9 /* Products */ = {
			isa = PBXGroup;
			children = (
				6CA8ABF91D188E3800C62EE9 /* Parsetagram.app */,
				6CA8AC0D1D188E3900C62EE9 /* ParsetagramTests.xctest */,
				6CA8AC181D188E3900C62EE9 /* ParsetagramUITests.xctest */,
			);
			name = Products;
			sourceTree = "<group>";
		};
		6CA8ABFB1D188E3800C62EE9 /* Parsetagram */ = {
			isa = PBXGroup;
			children = (
				6CFFDBFE1D1B80B40032DF20 /* view controllers */,
				6CFFDBFD1D1B7FF70032DF20 /* Views */,
				6CA8ABFC1D188E3800C62EE9 /* AppDelegate.swift */,
				6CA8AC001D188E3800C62EE9 /* Main.storyboard */,
				6CA8AC031D188E3800C62EE9 /* Assets.xcassets */,
				6CA8AC051D188E3800C62EE9 /* LaunchScreen.storyboard */,
				6CA8AC081D188E3800C62EE9 /* Info.plist */,
				6CFFDC091D1B9E690032DF20 /* CaptureViewController.swift */,
				6C8F3CF81D1896EE00BCF6DC /* LoginViewController.swift */,
				6C0BCFFD1D19FC910029D069 /* HomeViewController.swift */,
				6C0BD0011D19FF580029D069 /* ProfileViewController.swift */,
			);
			path = Parsetagram;
			sourceTree = "<group>";
		};
		6CA8AC101D188E3900C62EE9 /* ParsetagramTests */ = {
			isa = PBXGroup;
			children = (
				6CA8AC111D188E3900C62EE9 /* ParsetagramTests.swift */,
				6CA8AC131D188E3900C62EE9 /* Info.plist */,
			);
			path = ParsetagramTests;
			sourceTree = "<group>";
		};
		6CA8AC1B1D188E3900C62EE9 /* ParsetagramUITests */ = {
			isa = PBXGroup;
			children = (
				6CA8AC1C1D188E3900C62EE9 /* ParsetagramUITests.swift */,
				6CA8AC1E1D188E3900C62EE9 /* Info.plist */,
			);
			path = ParsetagramUITests;
			sourceTree = "<group>";
		};
		6CFFDBFD1D1B7FF70032DF20 /* Views */ = {
			isa = PBXGroup;
			children = (
			);
			name = Views;
			sourceTree = "<group>";
		};
		6CFFDBFE1D1B80B40032DF20 /* view controllers */ = {
			isa = PBXGroup;
			children = (
			);
			name = "view controllers";
			sourceTree = "<group>";
		};
		8C7639622BE58D97C7B0B4EF /* Pods */ = {
			isa = PBXGroup;
			children = (
				E995C05983AC6571941AE37A /* Pods-Parsetagram.debug.xcconfig */,
				835B973E937056FB1ED536AB /* Pods-Parsetagram.release.xcconfig */,
				600CBA153315C3FA170B69F7 /* Pods-ParsetagramTests.debug.xcconfig */,
				5476A05D5EBC6A1FB8D18468 /* Pods-ParsetagramTests.release.xcconfig */,
				DFA4FC751BB92CFD8C185B6F /* Pods-ParsetagramUITests.debug.xcconfig */,
				545C6F282468FA7FC6572FC8 /* Pods-ParsetagramUITests.release.xcconfig */,
			);
			name = Pods;
			sourceTree = "<group>";
		};
		D4330169D360BCDD49F07B0A /* Frameworks */ = {
			isa = PBXGroup;
			children = (
				F1E29544073C5EB4A168258C /* Pods_Parsetagram.framework */,
				CEDC90C784BBE11CAA17AE15 /* Pods_ParsetagramTests.framework */,
				E37656D42C7662950E5DE8DA /* Pods_ParsetagramUITests.framework */,
			);
			name = Frameworks;
			sourceTree = "<group>";
		};
/* End PBXGroup section */

/* Begin PBXNativeTarget section */
		6CA8ABF81D188E3800C62EE9 /* Parsetagram */ = {
			isa = PBXNativeTarget;
			buildConfigurationList = 6CA8AC211D188E3900C62EE9 /* Build configuration list for PBXNativeTarget "Parsetagram" */;
			buildPhases = (
				F5E47B4FB70CB5D9FC2B17F3 /* [CP] Check Pods Manifest.lock */,
				6CA8ABF51D188E3800C62EE9 /* Sources */,
				6CA8ABF61D188E3800C62EE9 /* Frameworks */,
				6CA8ABF71D188E3800C62EE9 /* Resources */,
				18B385CCDEDD8EC06973065C /* [CP] Embed Pods Frameworks */,
				ECC635AFF7293B217115F610 /* [CP] Copy Pods Resources */,
			);
			buildRules = (
			);
			dependencies = (
			);
			name = Parsetagram;
			productName = Parsetagram;
			productReference = 6CA8ABF91D188E3800C62EE9 /* Parsetagram.app */;
			productType = "com.apple.product-type.application";
		};
		6CA8AC0C1D188E3900C62EE9 /* ParsetagramTests */ = {
			isa = PBXNativeTarget;
			buildConfigurationList = 6CA8AC241D188E3900C62EE9 /* Build configuration list for PBXNativeTarget "ParsetagramTests" */;
			buildPhases = (
				B2AB61C9147DF1CA691340F2 /* [CP] Check Pods Manifest.lock */,
				6CA8AC091D188E3900C62EE9 /* Sources */,
				6CA8AC0A1D188E3900C62EE9 /* Frameworks */,
				6CA8AC0B1D188E3900C62EE9 /* Resources */,
				F2BA15DCA2B6359C62D82710 /* [CP] Embed Pods Frameworks */,
				1EEEA467D0BF10C10C73B098 /* [CP] Copy Pods Resources */,
			);
			buildRules = (
			);
			dependencies = (
				6CA8AC0F1D188E3900C62EE9 /* PBXTargetDependency */,
			);
			name = ParsetagramTests;
			productName = ParsetagramTests;
			productReference = 6CA8AC0D1D188E3900C62EE9 /* ParsetagramTests.xctest */;
			productType = "com.apple.product-type.bundle.unit-test";
		};
		6CA8AC171D188E3900C62EE9 /* ParsetagramUITests */ = {
			isa = PBXNativeTarget;
			buildConfigurationList = 6CA8AC271D188E3900C62EE9 /* Build configuration list for PBXNativeTarget "ParsetagramUITests" */;
			buildPhases = (
				2DBE3E95BFABEE89CB1D79F9 /* [CP] Check Pods Manifest.lock */,
				6CA8AC141D188E3900C62EE9 /* Sources */,
				6CA8AC151D188E3900C62EE9 /* Frameworks */,
				6CA8AC161D188E3900C62EE9 /* Resources */,
				FCBB94650683D65EC5405D67 /* [CP] Copy Pods Resources */,
			);
			buildRules = (
			);
			dependencies = (
				6CA8AC1A1D188E3900C62EE9 /* PBXTargetDependency */,
			);
			name = ParsetagramUITests;
			productName = ParsetagramUITests;
			productReference = 6CA8AC181D188E3900C62EE9 /* ParsetagramUITests.xctest */;
			productType = "com.apple.product-type.bundle.ui-testing";
		};
/* End PBXNativeTarget section */

/* Begin PBXProject section */
		6CA8ABF11D188E3800C62EE9 /* Project object */ = {
			isa = PBXProject;
			attributes = {
				LastSwiftUpdateCheck = 0730;
				LastUpgradeCheck = 0730;
				ORGANIZATIONNAME = "John Kriston";
				TargetAttributes = {
					6CA8ABF81D188E3800C62EE9 = {
						CreatedOnToolsVersion = 7.3.1;
					};
					6CA8AC0C1D188E3900C62EE9 = {
						CreatedOnToolsVersion = 7.3.1;
						TestTargetID = 6CA8ABF81D188E3800C62EE9;
					};
					6CA8AC171D188E3900C62EE9 = {
						CreatedOnToolsVersion = 7.3.1;
						TestTargetID = 6CA8ABF81D188E3800C62EE9;
					};
				};
			};
			buildConfigurationList = 6CA8ABF41D188E3800C62EE9 /* Build configuration list for PBXProject "Parsetagram" */;
			compatibilityVersion = "Xcode 3.2";
			developmentRegion = English;
			hasScannedForEncodings = 0;
			knownRegions = (
				en,
				Base,
			);
			mainGroup = 6CA8ABF01D188E3800C62EE9;
			productRefGroup = 6CA8ABFA1D188E3800C62EE9 /* Products */;
			projectDirPath = "";
			projectRoot = "";
			targets = (
				6CA8ABF81D188E3800C62EE9 /* Parsetagram */,
				6CA8AC0C1D188E3900C62EE9 /* ParsetagramTests */,
				6CA8AC171D188E3900C62EE9 /* ParsetagramUITests */,
			);
		};
/* End PBXProject section */

/* Begin PBXResourcesBuildPhase section */
		6CA8ABF71D188E3800C62EE9 /* Resources */ = {
			isa = PBXResourcesBuildPhase;
			buildActionMask = 2147483647;
			files = (
				6CA8AC071D188E3800C62EE9 /* LaunchScreen.storyboard in Resources */,
				6CA8AC041D188E3800C62EE9 /* Assets.xcassets in Resources */,
				6CA8AC021D188E3800C62EE9 /* Main.storyboard in Resources */,
			);
			runOnlyForDeploymentPostprocessing = 0;
		};
		6CA8AC0B1D188E3900C62EE9 /* Resources */ = {
			isa = PBXResourcesBuildPhase;
			buildActionMask = 2147483647;
			files = (
			);
			runOnlyForDeploymentPostprocessing = 0;
		};
		6CA8AC161D188E3900C62EE9 /* Resources */ = {
			isa = PBXResourcesBuildPhase;
			buildActionMask = 2147483647;
			files = (
			);
			runOnlyForDeploymentPostprocessing = 0;
		};
/* End PBXResourcesBuildPhase section */

/* Begin PBXShellScriptBuildPhase section */
		18B385CCDEDD8EC06973065C /* [CP] Embed Pods Frameworks */ = {
			isa = PBXShellScriptBuildPhase;
			buildActionMask = 2147483647;
			files = (
			);
			inputPaths = (
			);
			name = "[CP] Embed Pods Frameworks";
			outputPaths = (
			);
			runOnlyForDeploymentPostprocessing = 0;
			shellPath = /bin/sh;
			shellScript = "\"${SRCROOT}/Pods/Target Support Files/Pods-Parsetagram/Pods-Parsetagram-frameworks.sh\"\n";
			showEnvVarsInLog = 0;
		};
		1EEEA467D0BF10C10C73B098 /* [CP] Copy Pods Resources */ = {
			isa = PBXShellScriptBuildPhase;
			buildActionMask = 2147483647;
			files = (
			);
			inputPaths = (
			);
			name = "[CP] Copy Pods Resources";
			outputPaths = (
			);
			runOnlyForDeploymentPostprocessing = 0;
			shellPath = /bin/sh;
			shellScript = "\"${SRCROOT}/Pods/Target Support Files/Pods-ParsetagramTests/Pods-ParsetagramTests-resources.sh\"\n";
			showEnvVarsInLog = 0;
		};
		2DBE3E95BFABEE89CB1D79F9 /* [CP] Check Pods Manifest.lock */ = {
			isa = PBXShellScriptBuildPhase;
			buildActionMask = 2147483647;
			files = (
			);
			inputPaths = (
			);
			name = "[CP] Check Pods Manifest.lock";
			outputPaths = (
			);
			runOnlyForDeploymentPostprocessing = 0;
			shellPath = /bin/sh;
			shellScript = "diff \"${PODS_ROOT}/../Podfile.lock\" \"${PODS_ROOT}/Manifest.lock\" > /dev/null\nif [[ $? != 0 ]] ; then\n    cat << EOM\nerror: The sandbox is not in sync with the Podfile.lock. Run 'pod install' or update your CocoaPods installation.\nEOM\n    exit 1\nfi\n";
			showEnvVarsInLog = 0;
		};
		B2AB61C9147DF1CA691340F2 /* [CP] Check Pods Manifest.lock */ = {
			isa = PBXShellScriptBuildPhase;
			buildActionMask = 2147483647;
			files = (
			);
			inputPaths = (
			);
			name = "[CP] Check Pods Manifest.lock";
			outputPaths = (
			);
			runOnlyForDeploymentPostprocessing = 0;
			shellPath = /bin/sh;
			shellScript = "diff \"${PODS_ROOT}/../Podfile.lock\" \"${PODS_ROOT}/Manifest.lock\" > /dev/null\nif [[ $? != 0 ]] ; then\n    cat << EOM\nerror: The sandbox is not in sync with the Podfile.lock. Run 'pod install' or update your CocoaPods installation.\nEOM\n    exit 1\nfi\n";
			showEnvVarsInLog = 0;
		};
		ECC635AFF7293B217115F610 /* [CP] Copy Pods Resources */ = {
			isa = PBXShellScriptBuildPhase;
			buildActionMask = 2147483647;
			files = (
			);
			inputPaths = (
			);
			name = "[CP] Copy Pods Resources";
			outputPaths = (
			);
			runOnlyForDeploymentPostprocessing = 0;
			shellPath = /bin/sh;
			shellScript = "\"${SRCROOT}/Pods/Target Support Files/Pods-Parsetagram/Pods-Parsetagram-resources.sh\"\n";
			showEnvVarsInLog = 0;
		};
		F2BA15DCA2B6359C62D82710 /* [CP] Embed Pods Frameworks */ = {
			isa = PBXShellScriptBuildPhase;
			buildActionMask = 2147483647;
			files = (
			);
			inputPaths = (
			);
			name = "[CP] Embed Pods Frameworks";
			outputPaths = (
			);
			runOnlyForDeploymentPostprocessing = 0;
			shellPath = /bin/sh;
			shellScript = "\"${SRCROOT}/Pods/Target Support Files/Pods-ParsetagramTests/Pods-ParsetagramTests-frameworks.sh\"\n";
			showEnvVarsInLog = 0;
		};
		F5E47B4FB70CB5D9FC2B17F3 /* [CP] Check Pods Manifest.lock */ = {
			isa = PBXShellScriptBuildPhase;
			buildActionMask = 2147483647;
			files = (
			);
			inputPaths = (
			);
			name = "[CP] Check Pods Manifest.lock";
			outputPaths = (
			);
			runOnlyForDeploymentPostprocessing = 0;
			shellPath = /bin/sh;
			shellScript = "diff \"${PODS_ROOT}/../Podfile.lock\" \"${PODS_ROOT}/Manifest.lock\" > /dev/null\nif [[ $? != 0 ]] ; then\n    cat << EOM\nerror: The sandbox is not in sync with the Podfile.lock. Run 'pod install' or update your CocoaPods installation.\nEOM\n    exit 1\nfi\n";
			showEnvVarsInLog = 0;
		};
		FCBB94650683D65EC5405D67 /* [CP] Copy Pods Resources */ = {
			isa = PBXShellScriptBuildPhase;
			buildActionMask = 2147483647;
			files = (
			);
			inputPaths = (
			);
			name = "[CP] Copy Pods Resources";
			outputPaths = (
			);
			runOnlyForDeploymentPostprocessing = 0;
			shellPath = /bin/sh;
			shellScript = "\"${SRCROOT}/Pods/Target Support Files/Pods-ParsetagramUITests/Pods-ParsetagramUITests-resources.sh\"\n";
			showEnvVarsInLog = 0;
		};
/* End PBXShellScriptBuildPhase section */

/* Begin PBXSourcesBuildPhase section */
		6CA8ABF51D188E3800C62EE9 /* Sources */ = {
			isa = PBXSourcesBuildPhase;
			buildActionMask = 2147483647;
			files = (
				6CFFDC121D1C99070032DF20 /* DetailViewController.swift in Sources */,
				6CE2FB4E1D1DC9DB00937167 /* ProfileDetailViewController.swift in Sources */,
				6C8F3CF91D1896EE00BCF6DC /* LoginViewController.swift in Sources */,
				6CFFDC0A1D1B9E690032DF20 /* CaptureViewController.swift in Sources */,
				6CFFDC001D1B80F40032DF20 /* InstagramCell.swift in Sources */,
				6C0BD0021D19FF580029D069 /* ProfileViewController.swift in Sources */,
				6CA8ABFD1D188E3800C62EE9 /* AppDelegate.swift in Sources */,
				6CFFDC101D1C885A0032DF20 /* ProfileCell.swift in Sources */,
				6C0BCFFE1D19FC910029D069 /* HomeViewController.swift in Sources */,
			);
			runOnlyForDeploymentPostprocessing = 0;
		};
		6CA8AC091D188E3900C62EE9 /* Sources */ = {
			isa = PBXSourcesBuildPhase;
			buildActionMask = 2147483647;
			files = (
				6CA8AC121D188E3900C62EE9 /* ParsetagramTests.swift in Sources */,
			);
			runOnlyForDeploymentPostprocessing = 0;
		};
		6CA8AC141D188E3900C62EE9 /* Sources */ = {
			isa = PBXSourcesBuildPhase;
			buildActionMask = 2147483647;
			files = (
				6CA8AC1D1D188E3900C62EE9 /* ParsetagramUITests.swift in Sources */,
			);
			runOnlyForDeploymentPostprocessing = 0;
		};
/* End PBXSourcesBuildPhase section */

/* Begin PBXTargetDependency section */
		6CA8AC0F1D188E3900C62EE9 /* PBXTargetDependency */ = {
			isa = PBXTargetDependency;
			target = 6CA8ABF81D188E3800C62EE9 /* Parsetagram */;
			targetProxy = 6CA8AC0E1D188E3900C62EE9 /* PBXContainerItemProxy */;
		};
		6CA8AC1A1D188E3900C62EE9 /* PBXTargetDependency */ = {
			isa = PBXTargetDependency;
			target = 6CA8ABF81D188E3800C62EE9 /* Parsetagram */;
			targetProxy = 6CA8AC191D188E3900C62EE9 /* PBXContainerItemProxy */;
		};
/* End PBXTargetDependency section */

/* Begin PBXVariantGroup section */
		6CA8AC001D188E3800C62EE9 /* Main.storyboard */ = {
			isa = PBXVariantGroup;
			children = (
				6CA8AC011D188E3800C62EE9 /* Base */,
			);
			name = Main.storyboard;
			sourceTree = "<group>";
		};
		6CA8AC051D188E3800C62EE9 /* LaunchScreen.storyboard */ = {
			isa = PBXVariantGroup;
			children = (
				6CA8AC061D188E3800C62EE9 /* Base */,
			);
			name = LaunchScreen.storyboard;
			sourceTree = "<group>";
		};
/* End PBXVariantGroup section */

/* Begin XCBuildConfiguration section */
		6CA8AC1F1D188E3900C62EE9 /* Debug */ = {
			isa = XCBuildConfiguration;
			buildSettings = {
				ALWAYS_SEARCH_USER_PATHS = NO;
				CLANG_ANALYZER_NONNULL = YES;
				CLANG_CXX_LANGUAGE_STANDARD = "gnu++0x";
				CLANG_CXX_LIBRARY = "libc++";
				CLANG_ENABLE_MODULES = YES;
				CLANG_ENABLE_OBJC_ARC = YES;
				CLANG_WARN_BOOL_CONVERSION = YES;
				CLANG_WARN_CONSTANT_CONVERSION = YES;
				CLANG_WARN_DIRECT_OBJC_ISA_USAGE = YES_ERROR;
				CLANG_WARN_EMPTY_BODY = YES;
				CLANG_WARN_ENUM_CONVERSION = YES;
				CLANG_WARN_INT_CONVERSION = YES;
				CLANG_WARN_OBJC_ROOT_CLASS = YES_ERROR;
				CLANG_WARN_UNREACHABLE_CODE = YES;
				CLANG_WARN__DUPLICATE_METHOD_MATCH = YES;
				"CODE_SIGN_IDENTITY[sdk=iphoneos*]" = "iPhone Developer";
				COPY_PHASE_STRIP = NO;
				DEBUG_INFORMATION_FORMAT = dwarf;
				ENABLE_STRICT_OBJC_MSGSEND = YES;
				ENABLE_TESTABILITY = YES;
				GCC_C_LANGUAGE_STANDARD = gnu99;
				GCC_DYNAMIC_NO_PIC = NO;
				GCC_NO_COMMON_BLOCKS = YES;
				GCC_OPTIMIZATION_LEVEL = 0;
				GCC_PREPROCESSOR_DEFINITIONS = (
					"DEBUG=1",
					"$(inherited)",
				);
				GCC_WARN_64_TO_32_BIT_CONVERSION = YES;
				GCC_WARN_ABOUT_RETURN_TYPE = YES_ERROR;
				GCC_WARN_UNDECLARED_SELECTOR = YES;
				GCC_WARN_UNINITIALIZED_AUTOS = YES_AGGRESSIVE;
				GCC_WARN_UNUSED_FUNCTION = YES;
				GCC_WARN_UNUSED_VARIABLE = YES;
				IPHONEOS_DEPLOYMENT_TARGET = 9.3;
				MTL_ENABLE_DEBUG_INFO = YES;
				ONLY_ACTIVE_ARCH = YES;
				SDKROOT = iphoneos;
				SWIFT_OPTIMIZATION_LEVEL = "-Onone";
			};
			name = Debug;
		};
		6CA8AC201D188E3900C62EE9 /* Release */ = {
			isa = XCBuildConfiguration;
			buildSettings = {
				ALWAYS_SEARCH_USER_PATHS = NO;
				CLANG_ANALYZER_NONNULL = YES;
				CLANG_CXX_LANGUAGE_STANDARD = "gnu++0x";
				CLANG_CXX_LIBRARY = "libc++";
				CLANG_ENABLE_MODULES = YES;
				CLANG_ENABLE_OBJC_ARC = YES;
				CLANG_WARN_BOOL_CONVERSION = YES;
				CLANG_WARN_CONSTANT_CONVERSION = YES;
				CLANG_WARN_DIRECT_OBJC_ISA_USAGE = YES_ERROR;
				CLANG_WARN_EMPTY_BODY = YES;
				CLANG_WARN_ENUM_CONVERSION = YES;
				CLANG_WARN_INT_CONVERSION = YES;
				CLANG_WARN_OBJC_ROOT_CLASS = YES_ERROR;
				CLANG_WARN_UNREACHABLE_CODE = YES;
				CLANG_WARN__DUPLICATE_METHOD_MATCH = YES;
				"CODE_SIGN_IDENTITY[sdk=iphoneos*]" = "iPhone Developer";
				COPY_PHASE_STRIP = NO;
				DEBUG_INFORMATION_FORMAT = "dwarf-with-dsym";
				ENABLE_NS_ASSERTIONS = NO;
				ENABLE_STRICT_OBJC_MSGSEND = YES;
				GCC_C_LANGUAGE_STANDARD = gnu99;
				GCC_NO_COMMON_BLOCKS = YES;
				GCC_WARN_64_TO_32_BIT_CONVERSION = YES;
				GCC_WARN_ABOUT_RETURN_TYPE = YES_ERROR;
				GCC_WARN_UNDECLARED_SELECTOR = YES;
				GCC_WARN_UNINITIALIZED_AUTOS = YES_AGGRESSIVE;
				GCC_WARN_UNUSED_FUNCTION = YES;
				GCC_WARN_UNUSED_VARIABLE = YES;
				IPHONEOS_DEPLOYMENT_TARGET = 9.3;
				MTL_ENABLE_DEBUG_INFO = NO;
				SDKROOT = iphoneos;
				VALIDATE_PRODUCT = YES;
			};
			name = Release;
		};
		6CA8AC221D188E3900C62EE9 /* Debug */ = {
			isa = XCBuildConfiguration;
			baseConfigurationReference = E995C05983AC6571941AE37A /* Pods-Parsetagram.debug.xcconfig */;
			buildSettings = {
				ASSETCATALOG_COMPILER_APPICON_NAME = AppIcon;
				INFOPLIST_FILE = Parsetagram/Info.plist;
				LD_RUNPATH_SEARCH_PATHS = "$(inherited) @executable_path/Frameworks";
				PRODUCT_BUNDLE_IDENTIFIER = com.codepath.Parsetagram;
				PRODUCT_NAME = "$(TARGET_NAME)";
			};
			name = Debug;
		};
		6CA8AC231D188E3900C62EE9 /* Release */ = {
			isa = XCBuildConfiguration;
			baseConfigurationReference = 835B973E937056FB1ED536AB /* Pods-Parsetagram.release.xcconfig */;
			buildSettings = {
				ASSETCATALOG_COMPILER_APPICON_NAME = AppIcon;
				INFOPLIST_FILE = Parsetagram/Info.plist;
				LD_RUNPATH_SEARCH_PATHS = "$(inherited) @executable_path/Frameworks";
				PRODUCT_BUNDLE_IDENTIFIER = com.codepath.Parsetagram;
				PRODUCT_NAME = "$(TARGET_NAME)";
			};
			name = Release;
		};
		6CA8AC251D188E3900C62EE9 /* Debug */ = {
			isa = XCBuildConfiguration;
			baseConfigurationReference = 600CBA153315C3FA170B69F7 /* Pods-ParsetagramTests.debug.xcconfig */;
			buildSettings = {
				BUNDLE_LOADER = "$(TEST_HOST)";
				INFOPLIST_FILE = ParsetagramTests/Info.plist;
				LD_RUNPATH_SEARCH_PATHS = "$(inherited) @executable_path/Frameworks @loader_path/Frameworks";
				PRODUCT_BUNDLE_IDENTIFIER = com.codepath.ParsetagramTests;
				PRODUCT_NAME = "$(TARGET_NAME)";
				TEST_HOST = "$(BUILT_PRODUCTS_DIR)/Parsetagram.app/Parsetagram";
			};
			name = Debug;
		};
		6CA8AC261D188E3900C62EE9 /* Release */ = {
			isa = XCBuildConfiguration;
			baseConfigurationReference = 5476A05D5EBC6A1FB8D18468 /* Pods-ParsetagramTests.release.xcconfig */;
			buildSettings = {
				BUNDLE_LOADER = "$(TEST_HOST)";
				INFOPLIST_FILE = ParsetagramTests/Info.plist;
				LD_RUNPATH_SEARCH_PATHS = "$(inherited) @executable_path/Frameworks @loader_path/Frameworks";
				PRODUCT_BUNDLE_IDENTIFIER = com.codepath.ParsetagramTests;
				PRODUCT_NAME = "$(TARGET_NAME)";
				TEST_HOST = "$(BUILT_PRODUCTS_DIR)/Parsetagram.app/Parsetagram";
			};
			name = Release;
		};
		6CA8AC281D188E3900C62EE9 /* Debug */ = {
			isa = XCBuildConfiguration;
			baseConfigurationReference = DFA4FC751BB92CFD8C185B6F /* Pods-ParsetagramUITests.debug.xcconfig */;
			buildSettings = {
				INFOPLIST_FILE = ParsetagramUITests/Info.plist;
				LD_RUNPATH_SEARCH_PATHS = "$(inherited) @executable_path/Frameworks @loader_path/Frameworks";
				PRODUCT_BUNDLE_IDENTIFIER = com.codepath.ParsetagramUITests;
				PRODUCT_NAME = "$(TARGET_NAME)";
				TEST_TARGET_NAME = Parsetagram;
			};
			name = Debug;
		};
		6CA8AC291D188E3900C62EE9 /* Release */ = {
			isa = XCBuildConfiguration;
			baseConfigurationReference = 545C6F282468FA7FC6572FC8 /* Pods-ParsetagramUITests.release.xcconfig */;
			buildSettings = {
				INFOPLIST_FILE = ParsetagramUITests/Info.plist;
				LD_RUNPATH_SEARCH_PATHS = "$(inherited) @executable_path/Frameworks @loader_path/Frameworks";
				PRODUCT_BUNDLE_IDENTIFIER = com.codepath.ParsetagramUITests;
				PRODUCT_NAME = "$(TARGET_NAME)";
				TEST_TARGET_NAME = Parsetagram;
			};
			name = Release;
		};
/* End XCBuildConfiguration section */

/* Begin XCConfigurationList section */
		6CA8ABF41D188E3800C62EE9 /* Build configuration list for PBXProject "Parsetagram" */ = {
			isa = XCConfigurationList;
			buildConfigurations = (
				6CA8AC1F1D188E3900C62EE9 /* Debug */,
				6CA8AC201D188E3900C62EE9 /* Release */,
			);
			defaultConfigurationIsVisible = 0;
			defaultConfigurationName = Release;
		};
		6CA8AC211D188E3900C62EE9 /* Build configuration list for PBXNativeTarget "Parsetagram" */ = {
			isa = XCConfigurationList;
			buildConfigurations = (
				6CA8AC221D188E3900C62EE9 /* Debug */,
				6CA8AC231D188E3900C62EE9 /* Release */,
			);
			defaultConfigurationIsVisible = 0;
			defaultConfigurationName = Release;
		};
		6CA8AC241D188E3900C62EE9 /* Build configuration list for PBXNativeTarget "ParsetagramTests" */ = {
			isa = XCConfigurationList;
			buildConfigurations = (
				6CA8AC251D188E3900C62EE9 /* Debug */,
				6CA8AC261D188E3900C62EE9 /* Release */,
			);
			defaultConfigurationIsVisible = 0;
			defaultConfigurationName = Release;
		};
		6CA8AC271D188E3900C62EE9 /* Build configuration list for PBXNativeTarget "ParsetagramUITests" */ = {
			isa = XCConfigurationList;
			buildConfigurations = (
				6CA8AC281D188E3900C62EE9 /* Debug */,
				6CA8AC291D188E3900C62EE9 /* Release */,
			);
			defaultConfigurationIsVisible = 0;
			defaultConfigurationName = Release;
		};
/* End XCConfigurationList section */
	};
	rootObject = 6CA8ABF11D188E3800C62EE9 /* Project object */;
}
